
Microsoft Visual Studio Solution File, Format Version 12.00
# Visual Studio Version 17
VisualStudioVersion = 17.7.34018.315
MinimumVisualStudioVersion = 10.0.40219.1
Project("{9A19103F-16F7-4668-BE54-9A1E7A4F7556}") = "ZurroService", "ZurroService.csproj", "{0D25AC1C-07FD-4D44-BD9B-236A7FBD8297}"
EndProject
Project("{FAE04EC0-301F-11D3-BF4B-00C04F79EFBC}") = "ZurroUnitTesting", "..\ZurroUnitTesting\ZurroUnitTesting.csproj", "{58E923F2-841C-45F4-9F52-927D7C2387D0}"
EndProject
Global
	GlobalSection(SolutionConfigurationPlatforms) = preSolution
		Debug|Any CPU = Debug|Any CPU
		Release|Any CPU = Release|Any CPU
	EndGlobalSection
	GlobalSection(ProjectConfigurationPlatforms) = postSolution
		{0D25AC1C-07FD-4D44-BD9B-236A7FBD8297}.Debug|Any CPU.ActiveCfg = Debug|Any CPU
		{0D25AC1C-07FD-4D44-BD9B-236A7FBD8297}.Debug|Any CPU.Build.0 = Debug|Any CPU
		{0D25AC1C-07FD-4D44-BD9B-236A7FBD8297}.Release|Any CPU.ActiveCfg = Release|Any CPU
		{0D25AC1C-07FD-4D44-BD9B-236A7FBD8297}.Release|Any CPU.Build.0 = Release|Any CPU
		{58E923F2-841C-45F4-9F52-927D7C2387D0}.Debug|Any CPU.ActiveCfg = Debug|Any CPU
		{58E923F2-841C-45F4-9F52-927D7C2387D0}.Debug|Any CPU.Build.0 = Debug|Any CPU
		{58E923F2-841C-45F4-9F52-927D7C2387D0}.Release|Any CPU.ActiveCfg = Release|Any CPU
		{58E923F2-841C-45F4-9F52-927D7C2387D0}.Release|Any CPU.Build.0 = Release|Any CPU
	EndGlobalSection
	GlobalSection(SolutionProperties) = preSolution
		HideSolutionNode = FALSE
	EndGlobalSection
	GlobalSection(ExtensibilityGlobals) = postSolution
		SolutionGuid = {BD79682E-F56A-4B74-AABE-184A43BDF4F2}
	EndGlobalSection
EndGlobal
